
Microsoft Visual Studio Solution File, Format Version 12.00
# Visual Studio Version 17
VisualStudioVersion = 17.3.32811.315
MinimumVisualStudioVersion = 10.0.40219.1
Project("{2150E333-8FDC-42A3-9474-1A3956D46DE8}") = "Source", "Source", "{A5CD7094-9460-4654-B9FA-81FC4740CFC3}"
EndProject
Project("{2150E333-8FDC-42A3-9474-1A3956D46DE8}") = "Test", "Test", "{6BC44757-403A-401F-A2F9-397B1D2BABEE}"
EndProject
Project("{FAE04EC0-301F-11D3-BF4B-00C04F79EFBC}") = "EShop.Test", "Test\EShop.Test\EShop.Test.csproj", "{C182DE4F-6646-485C-A565-425DA4365249}"
EndProject
Project("{2150E333-8FDC-42A3-9474-1A3956D46DE8}") = "01-Core", "01-Core", "{6B8E1FC6-D526-4B81-B6D2-DA294FA83770}"
EndProject
Project("{2150E333-8FDC-42A3-9474-1A3956D46DE8}") = "02-Infrastructures", "02-Infrastructures", "{6388FAC4-DFDE-4EE2-8AD1-380B3B2F1E86}"
EndProject
Project("{2150E333-8FDC-42A3-9474-1A3956D46DE8}") = "03-Endpoints", "03-Endpoints", "{6DE78E0E-9008-42F7-856D-C169814BA485}"
EndProject
Project("{FAE04EC0-301F-11D3-BF4B-00C04F79EFBC}") = "DomainModels", "Source\01-Core\DomainModels\DomainModels.csproj", "{BF5FAFE3-F159-472E-88E6-BDA3DC33D9F1}"
EndProject
Project("{FAE04EC0-301F-11D3-BF4B-00C04F79EFBC}") = "DomainServices", "Source\01-Core\DomainServices\DomainServices.csproj", "{02D45A40-15BA-49A6-BA28-31530220A065}"
EndProject
Project("{FAE04EC0-301F-11D3-BF4B-00C04F79EFBC}") = "ApplicationServices", "Source\01-Core\ApplicationServices\ApplicationServices.csproj", "{35E8D880-0D49-411A-9C33-0EEFB053E7FC}"
EndProject
Project("{FAE04EC0-301F-11D3-BF4B-00C04F79EFBC}") = "DataAccess", "Source\02-Infrastructures\DataAccess\DataAccess.csproj", "{C0C7136A-A644-41BF-90F6-A47E85FE16B7}"
EndProject
Project("{FAE04EC0-301F-11D3-BF4B-00C04F79EFBC}") = "EShop.RestApi", "Source\03-Endpoints\EShop.RestApi\EShop.RestApi.csproj", "{F146AACD-BD9F-4937-A8CC-DF958D1867DB}"
EndProject
Global
	GlobalSection(SolutionConfigurationPlatforms) = preSolution
		Debug|Any CPU = Debug|Any CPU
		Release|Any CPU = Release|Any CPU
	EndGlobalSection
	GlobalSection(ProjectConfigurationPlatforms) = postSolution
		{C182DE4F-6646-485C-A565-425DA4365249}.Debug|Any CPU.ActiveCfg = Debug|Any CPU
		{C182DE4F-6646-485C-A565-425DA4365249}.Debug|Any CPU.Build.0 = Debug|Any CPU
		{C182DE4F-6646-485C-A565-425DA4365249}.Release|Any CPU.ActiveCfg = Release|Any CPU
		{C182DE4F-6646-485C-A565-425DA4365249}.Release|Any CPU.Build.0 = Release|Any CPU
		{BF5FAFE3-F159-472E-88E6-BDA3DC33D9F1}.Debug|Any CPU.ActiveCfg = Debug|Any CPU
		{BF5FAFE3-F159-472E-88E6-BDA3DC33D9F1}.Debug|Any CPU.Build.0 = Debug|Any CPU
		{BF5FAFE3-F159-472E-88E6-BDA3DC33D9F1}.Release|Any CPU.ActiveCfg = Release|Any CPU
		{BF5FAFE3-F159-472E-88E6-BDA3DC33D9F1}.Release|Any CPU.Build.0 = Release|Any CPU
		{02D45A40-15BA-49A6-BA28-31530220A065}.Debug|Any CPU.ActiveCfg = Debug|Any CPU
		{02D45A40-15BA-49A6-BA28-31530220A065}.Debug|Any CPU.Build.0 = Debug|Any CPU
		{02D45A40-15BA-49A6-BA28-31530220A065}.Release|Any CPU.ActiveCfg = Release|Any CPU
		{02D45A40-15BA-49A6-BA28-31530220A065}.Release|Any CPU.Build.0 = Release|Any CPU
		{35E8D880-0D49-411A-9C33-0EEFB053E7FC}.Debug|Any CPU.ActiveCfg = Debug|Any CPU
		{35E8D880-0D49-411A-9C33-0EEFB053E7FC}.Debug|Any CPU.Build.0 = Debug|Any CPU
		{35E8D880-0D49-411A-9C33-0EEFB053E7FC}.Release|Any CPU.ActiveCfg = Release|Any CPU
		{35E8D880-0D49-411A-9C33-0EEFB053E7FC}.Release|Any CPU.Build.0 = Release|Any CPU
		{C0C7136A-A644-41BF-90F6-A47E85FE16B7}.Debug|Any CPU.ActiveCfg = Debug|Any CPU
		{C0C7136A-A644-41BF-90F6-A47E85FE16B7}.Debug|Any CPU.Build.0 = Debug|Any CPU
		{C0C7136A-A644-41BF-90F6-A47E85FE16B7}.Release|Any CPU.ActiveCfg = Release|Any CPU
		{C0C7136A-A644-41BF-90F6-A47E85FE16B7}.Release|Any CPU.Build.0 = Release|Any CPU
		{F146AACD-BD9F-4937-A8CC-DF958D1867DB}.Debug|Any CPU.ActiveCfg = Debug|Any CPU
		{F146AACD-BD9F-4937-A8CC-DF958D1867DB}.Debug|Any CPU.Build.0 = Debug|Any CPU
		{F146AACD-BD9F-4937-A8CC-DF958D1867DB}.Release|Any CPU.ActiveCfg = Release|Any CPU
		{F146AACD-BD9F-4937-A8CC-DF958D1867DB}.Release|Any CPU.Build.0 = Release|Any CPU
	EndGlobalSection
	GlobalSection(SolutionProperties) = preSolution
		HideSolutionNode = FALSE
	EndGlobalSection
	GlobalSection(NestedProjects) = preSolution
		{C182DE4F-6646-485C-A565-425DA4365249} = {6BC44757-403A-401F-A2F9-397B1D2BABEE}
		{6B8E1FC6-D526-4B81-B6D2-DA294FA83770} = {A5CD7094-9460-4654-B9FA-81FC4740CFC3}
		{6388FAC4-DFDE-4EE2-8AD1-380B3B2F1E86} = {A5CD7094-9460-4654-B9FA-81FC4740CFC3}
		{6DE78E0E-9008-42F7-856D-C169814BA485} = {A5CD7094-9460-4654-B9FA-81FC4740CFC3}
		{BF5FAFE3-F159-472E-88E6-BDA3DC33D9F1} = {6B8E1FC6-D526-4B81-B6D2-DA294FA83770}
		{02D45A40-15BA-49A6-BA28-31530220A065} = {6B8E1FC6-D526-4B81-B6D2-DA294FA83770}
		{35E8D880-0D49-411A-9C33-0EEFB053E7FC} = {6B8E1FC6-D526-4B81-B6D2-DA294FA83770}
		{C0C7136A-A644-41BF-90F6-A47E85FE16B7} = {6388FAC4-DFDE-4EE2-8AD1-380B3B2F1E86}
		{F146AACD-BD9F-4937-A8CC-DF958D1867DB} = {6DE78E0E-9008-42F7-856D-C169814BA485}
	EndGlobalSection
	GlobalSection(ExtensibilityGlobals) = postSolution
		SolutionGuid = {170E8756-3453-4C0F-8FFE-0440B63603AB}
	EndGlobalSection
EndGlobal
